// !$*UTF8*$!
{
	archiveVersion = 1;
	classes = {
	};
	objectVersion = 51;
	objects = {

/* Begin PBXBuildFile section */
		129621EB94EB9EA016958E0A /* Pods_WeightTracker.framework in Frameworks */ = {isa = PBXBuildFile; fileRef = C372C46E4614091CB018E000 /* Pods_WeightTracker.framework */; };
		1A01DD64249B54AE00CDE809 /* TabBarView.swift in Sources */ = {isa = PBXBuildFile; fileRef = 1A01DD63249B54AE00CDE809 /* TabBarView.swift */; };
		1A23F66D248CB49200FCEC99 /* UIView+SetConstraints.swift in Sources */ = {isa = PBXBuildFile; fileRef = 1A23F66C248CB49200FCEC99 /* UIView+SetConstraints.swift */; };
		1A24C111249B5C6E0062F717 /* DailyEntryVC.swift in Sources */ = {isa = PBXBuildFile; fileRef = 1A24C110249B5C6E0062F717 /* DailyEntryVC.swift */; };
		1A24C113249B5C820062F717 /* SettingsVC.swift in Sources */ = {isa = PBXBuildFile; fileRef = 1A24C112249B5C820062F717 /* SettingsVC.swift */; };
		1A26D01E2494DBC000D02C43 /* WTTitle.swift in Sources */ = {isa = PBXBuildFile; fileRef = 1A26D01D2494DBC000D02C43 /* WTTitle.swift */; };
		1A26D0202494E8DC00D02C43 /* LoginScreenView.swift in Sources */ = {isa = PBXBuildFile; fileRef = 1A26D01F2494E8DC00D02C43 /* LoginScreenView.swift */; };
		1A2C5D76248CCC04009494BC /* UIView+Keyboard.swift in Sources */ = {isa = PBXBuildFile; fileRef = 1A2C5D75248CCC04009494BC /* UIView+Keyboard.swift */; };
		1A2C5D78248CCD32009494BC /* UIView+CornerRadius.swift in Sources */ = {isa = PBXBuildFile; fileRef = 1A2C5D77248CCD32009494BC /* UIView+CornerRadius.swift */; };
		1A2C5D7A248CCE1E009494BC /* UIView+SetSubviewsForAutoLayout.swift in Sources */ = {isa = PBXBuildFile; fileRef = 1A2C5D79248CCE1E009494BC /* UIView+SetSubviewsForAutoLayout.swift */; };
		1A2C5D7D248CD645009494BC /* UIFont+FontBook.swift in Sources */ = {isa = PBXBuildFile; fileRef = 1A2C5D7C248CD645009494BC /* UIFont+FontBook.swift */; };
		1A2F0A57249AABE400D61FE5 /* SettingsCellView.swift in Sources */ = {isa = PBXBuildFile; fileRef = 1A2F0A56249AABE400D61FE5 /* SettingsCellView.swift */; };
		1A2F0A59249AAC0000D61FE5 /* EntryCellView.swift in Sources */ = {isa = PBXBuildFile; fileRef = 1A2F0A58249AAC0000D61FE5 /* EntryCellView.swift */; };
		1A3D7B3E2491805500005F04 /* ForgotPasswordVC.swift in Sources */ = {isa = PBXBuildFile; fileRef = 1A3D7B3D2491805500005F04 /* ForgotPasswordVC.swift */; };
		1A3DBAA824A0F502008E07A3 /* OnboardingView.swift in Sources */ = {isa = PBXBuildFile; fileRef = 1A3DBAA724A0F502008E07A3 /* OnboardingView.swift */; };
		1A3F57CD24A5DB8F00A700D1 /* MeasurementUnitVC.swift in Sources */ = {isa = PBXBuildFile; fileRef = 1A3F57CC24A5DB8F00A700D1 /* MeasurementUnitVC.swift */; };
		1A3F57CF24A5DB9800A700D1 /* AboutVC.swift in Sources */ = {isa = PBXBuildFile; fileRef = 1A3F57CE24A5DB9800A700D1 /* AboutVC.swift */; };
		1A3F57D124A5DBA300A700D1 /* EditProfileVC.swift in Sources */ = {isa = PBXBuildFile; fileRef = 1A3F57D024A5DBA300A700D1 /* EditProfileVC.swift */; };
		1A40CA5624A33B2C0008C67A /* UIViewController+TextfieldReturn.swift in Sources */ = {isa = PBXBuildFile; fileRef = 1A40CA5524A33B2C0008C67A /* UIViewController+TextfieldReturn.swift */; };
		1A45B3AB2497F25D006C0F4B /* CircleDataView.swift in Sources */ = {isa = PBXBuildFile; fileRef = 1A45B3AA2497F25D006C0F4B /* CircleDataView.swift */; };
		1A45B3AD2498B99E006C0F4B /* CircularDataView.swift in Sources */ = {isa = PBXBuildFile; fileRef = 1A45B3AC2498B99E006C0F4B /* CircularDataView.swift */; };
		1A466B83249372EF00E48917 /* SignUpVC.swift in Sources */ = {isa = PBXBuildFile; fileRef = 1A466B82249372EF00E48917 /* SignUpVC.swift */; };
		1A466B862493730200E48917 /* ForgotPasswordView.swift in Sources */ = {isa = PBXBuildFile; fileRef = 1A466B852493730200E48917 /* ForgotPasswordView.swift */; };
		1A466B882493730900E48917 /* SignUpView.swift in Sources */ = {isa = PBXBuildFile; fileRef = 1A466B872493730900E48917 /* SignUpView.swift */; };
		1A4FA67E248D2A7000B9E5E5 /* Roboto-Medium.ttf in Resources */ = {isa = PBXBuildFile; fileRef = 1A4FA671248D2A7000B9E5E5 /* Roboto-Medium.ttf */; };
		1A4FA67F248D2A7000B9E5E5 /* Roboto-Light.ttf in Resources */ = {isa = PBXBuildFile; fileRef = 1A4FA672248D2A7000B9E5E5 /* Roboto-Light.ttf */; };
		1A4FA680248D2A7000B9E5E5 /* Roboto-Regular.ttf in Resources */ = {isa = PBXBuildFile; fileRef = 1A4FA673248D2A7000B9E5E5 /* Roboto-Regular.ttf */; };
		1A4FA681248D2A7000B9E5E5 /* Roboto-MediumItalic.ttf in Resources */ = {isa = PBXBuildFile; fileRef = 1A4FA674248D2A7000B9E5E5 /* Roboto-MediumItalic.ttf */; };
		1A4FA682248D2A7000B9E5E5 /* Roboto-ThinItalic.ttf in Resources */ = {isa = PBXBuildFile; fileRef = 1A4FA675248D2A7000B9E5E5 /* Roboto-ThinItalic.ttf */; };
		1A4FA683248D2A7000B9E5E5 /* Roboto-BoldItalic.ttf in Resources */ = {isa = PBXBuildFile; fileRef = 1A4FA676248D2A7000B9E5E5 /* Roboto-BoldItalic.ttf */; };
		1A4FA684248D2A7000B9E5E5 /* Roboto-LightItalic.ttf in Resources */ = {isa = PBXBuildFile; fileRef = 1A4FA677248D2A7000B9E5E5 /* Roboto-LightItalic.ttf */; };
		1A4FA685248D2A7000B9E5E5 /* Roboto-Italic.ttf in Resources */ = {isa = PBXBuildFile; fileRef = 1A4FA678248D2A7000B9E5E5 /* Roboto-Italic.ttf */; };
		1A4FA686248D2A7000B9E5E5 /* LICENSE.txt in Resources */ = {isa = PBXBuildFile; fileRef = 1A4FA679248D2A7000B9E5E5 /* LICENSE.txt */; };
		1A4FA687248D2A7000B9E5E5 /* Roboto-BlackItalic.ttf in Resources */ = {isa = PBXBuildFile; fileRef = 1A4FA67A248D2A7000B9E5E5 /* Roboto-BlackItalic.ttf */; };
		1A4FA688248D2A7000B9E5E5 /* Roboto-Bold.ttf in Resources */ = {isa = PBXBuildFile; fileRef = 1A4FA67B248D2A7000B9E5E5 /* Roboto-Bold.ttf */; };
		1A4FA689248D2A7000B9E5E5 /* Roboto-Thin.ttf in Resources */ = {isa = PBXBuildFile; fileRef = 1A4FA67C248D2A7000B9E5E5 /* Roboto-Thin.ttf */; };
		1A4FA68A248D2A7000B9E5E5 /* Roboto-Black.ttf in Resources */ = {isa = PBXBuildFile; fileRef = 1A4FA67D248D2A7000B9E5E5 /* Roboto-Black.ttf */; };
		1A4FA68D248D33D800B9E5E5 /* PersonMO+CoreDataProperties.swift in Sources */ = {isa = PBXBuildFile; fileRef = 1A4FA68B248D33D800B9E5E5 /* PersonMO+CoreDataProperties.swift */; };
		1A4FA68E248D33D800B9E5E5 /* PersonMO+CoreDataClass.swift in Sources */ = {isa = PBXBuildFile; fileRef = 1A4FA68C248D33D800B9E5E5 /* PersonMO+CoreDataClass.swift */; };
		1A4FA691248D33E200B9E5E5 /* MeasurementMO+CoreDataClass.swift in Sources */ = {isa = PBXBuildFile; fileRef = 1A4FA68F248D33E200B9E5E5 /* MeasurementMO+CoreDataClass.swift */; };
		1A4FA692248D33E200B9E5E5 /* MeasurementMO+CoreDataProperties.swift in Sources */ = {isa = PBXBuildFile; fileRef = 1A4FA690248D33E200B9E5E5 /* MeasurementMO+CoreDataProperties.swift */; };
		1A4FA694248D3B7F00B9E5E5 /* AppEnvironment.swift in Sources */ = {isa = PBXBuildFile; fileRef = 1A4FA693248D3B7F00B9E5E5 /* AppEnvironment.swift */; };
		1A6021CE24B2D885003CF03F /* EntryTableView.swift in Sources */ = {isa = PBXBuildFile; fileRef = 1A6021CD24B2D885003CF03F /* EntryTableView.swift */; };
		1A648CA4248C001D00DE2E2B /* WTButton.swift in Sources */ = {isa = PBXBuildFile; fileRef = 1A648CA3248C001D00DE2E2B /* WTButton.swift */; };
		1A66F75624812A500000CD30 /* WeightTracker.xcdatamodeld in Sources */ = {isa = PBXBuildFile; fileRef = 1A66F75424812A500000CD30 /* WeightTracker.xcdatamodeld */; };
		1A6C1E8E2488DE3C00FE085E /* CoreDataStack.swift in Sources */ = {isa = PBXBuildFile; fileRef = 1A6C1E8D2488DE3C00FE085E /* CoreDataStack.swift */; };
		1A7210D4248F93950021E6F3 /* HomeVC.swift in Sources */ = {isa = PBXBuildFile; fileRef = 1A7210D3248F93950021E6F3 /* HomeVC.swift */; };
		1A7210D6248FD9540021E6F3 /* HomeView.swift in Sources */ = {isa = PBXBuildFile; fileRef = 1A7210D5248FD9540021E6F3 /* HomeView.swift */; };
		1A7210D8248FE0A20021E6F3 /* WTNavBar.swift in Sources */ = {isa = PBXBuildFile; fileRef = 1A7210D7248FE0A20021E6F3 /* WTNavBar.swift */; };
		1A76400424A32AA50083A47E /* UIViewController+TapToDismissKeyboard.swift in Sources */ = {isa = PBXBuildFile; fileRef = 1A76400324A32AA50083A47E /* UIViewController+TapToDismissKeyboard.swift */; };
		1A768ABC249022770016BD30 /* TabBarVC.swift in Sources */ = {isa = PBXBuildFile; fileRef = 1A768ABB249022770016BD30 /* TabBarVC.swift */; };
		1A87B662248C291500369386 /* ThemeColor.swift in Sources */ = {isa = PBXBuildFile; fileRef = 1A87B661248C291500369386 /* ThemeColor.swift */; };
		1A8C7ECB24A4F0E400950A0C /* SettingsSections.swift in Sources */ = {isa = PBXBuildFile; fileRef = 1A8C7ECA24A4F0E400950A0C /* SettingsSections.swift */; };
		1A8CFBA224814AFE00150C4A /* MeasurementEntry.swift in Sources */ = {isa = PBXBuildFile; fileRef = 1A8CFBA124814AFE00150C4A /* MeasurementEntry.swift */; };
		1A8CFBA424814C7000150C4A /* Weight.swift in Sources */ = {isa = PBXBuildFile; fileRef = 1A8CFBA324814C7000150C4A /* Weight.swift */; };
		1A8CFBA724814DFC00150C4A /* WeightFacade.swift in Sources */ = {isa = PBXBuildFile; fileRef = 1A8CFBA624814DFC00150C4A /* WeightFacade.swift */; };
		1A8CFBA92481507C00150C4A /* DateUtilities.swift in Sources */ = {isa = PBXBuildFile; fileRef = 1A8CFBA82481507C00150C4A /* DateUtilities.swift */; };
		1A96BE372480F8D900668FA1 /* AppDelegate.swift in Sources */ = {isa = PBXBuildFile; fileRef = 1A96BE362480F8D900668FA1 /* AppDelegate.swift */; };
		1A96BE392480F8D900668FA1 /* SceneDelegate.swift in Sources */ = {isa = PBXBuildFile; fileRef = 1A96BE382480F8D900668FA1 /* SceneDelegate.swift */; };
		1A96BE3B2480F8D900668FA1 /* ViewController.swift in Sources */ = {isa = PBXBuildFile; fileRef = 1A96BE3A2480F8D900668FA1 /* ViewController.swift */; };
		1A96BE3E2480F8D900668FA1 /* Main.storyboard in Resources */ = {isa = PBXBuildFile; fileRef = 1A96BE3C2480F8D900668FA1 /* Main.storyboard */; };
		1A96BE402480F8DE00668FA1 /* Assets.xcassets in Resources */ = {isa = PBXBuildFile; fileRef = 1A96BE3F2480F8DE00668FA1 /* Assets.xcassets */; };
		1A96BE432480F8DE00668FA1 /* LaunchScreen.storyboard in Resources */ = {isa = PBXBuildFile; fileRef = 1A96BE412480F8DE00668FA1 /* LaunchScreen.storyboard */; };
		1A96BE522481039100668FA1 /* Person.swift in Sources */ = {isa = PBXBuildFile; fileRef = 1A96BE512481039100668FA1 /* Person.swift */; };
		1AA8033D2494018D005F1A23 /* WTUnderlineTextField.swift in Sources */ = {isa = PBXBuildFile; fileRef = 1AA8033C2494018D005F1A23 /* WTUnderlineTextField.swift */; };
		1AA9076724AF81EA0017E86B /* Constants.swift in Sources */ = {isa = PBXBuildFile; fileRef = 1AA9076624AF81EA0017E86B /* Constants.swift */; };
		1AB57E3C248BE1FD00041B9E /* GoogleService-Info.plist in Resources */ = {isa = PBXBuildFile; fileRef = 1AB57E3B248BE1FD00041B9E /* GoogleService-Info.plist */; };
		1AB57E3E248BE59C00041B9E /* LoginVC.swift in Sources */ = {isa = PBXBuildFile; fileRef = 1AB57E3D248BE59C00041B9E /* LoginVC.swift */; };
		1ABAE6DD248E82330059E180 /* Montserrat-LightItalic.ttf in Resources */ = {isa = PBXBuildFile; fileRef = 1ABAE6CA248E82330059E180 /* Montserrat-LightItalic.ttf */; };
		1ABAE6DE248E82330059E180 /* Montserrat-Medium.ttf in Resources */ = {isa = PBXBuildFile; fileRef = 1ABAE6CB248E82330059E180 /* Montserrat-Medium.ttf */; };
		1ABAE6DF248E82330059E180 /* Montserrat-BoldItalic.ttf in Resources */ = {isa = PBXBuildFile; fileRef = 1ABAE6CC248E82330059E180 /* Montserrat-BoldItalic.ttf */; };
		1ABAE6E0248E82330059E180 /* Montserrat-Light.ttf in Resources */ = {isa = PBXBuildFile; fileRef = 1ABAE6CD248E82330059E180 /* Montserrat-Light.ttf */; };
		1ABAE6E1248E82330059E180 /* Montserrat-ThinItalic.ttf in Resources */ = {isa = PBXBuildFile; fileRef = 1ABAE6CE248E82330059E180 /* Montserrat-ThinItalic.ttf */; };
		1ABAE6E2248E82330059E180 /* Montserrat-ExtraLight.ttf in Resources */ = {isa = PBXBuildFile; fileRef = 1ABAE6CF248E82330059E180 /* Montserrat-ExtraLight.ttf */; };
		1ABAE6E3248E82330059E180 /* Montserrat-Thin.ttf in Resources */ = {isa = PBXBuildFile; fileRef = 1ABAE6D0248E82330059E180 /* Montserrat-Thin.ttf */; };
		1ABAE6E4248E82330059E180 /* Montserrat-Bold.ttf in Resources */ = {isa = PBXBuildFile; fileRef = 1ABAE6D1248E82330059E180 /* Montserrat-Bold.ttf */; };
		1ABAE6E5248E82330059E180 /* Montserrat-MediumItalic.ttf in Resources */ = {isa = PBXBuildFile; fileRef = 1ABAE6D2248E82330059E180 /* Montserrat-MediumItalic.ttf */; };
		1ABAE6E6248E82330059E180 /* Montserrat-BlackItalic.ttf in Resources */ = {isa = PBXBuildFile; fileRef = 1ABAE6D3248E82330059E180 /* Montserrat-BlackItalic.ttf */; };
		1ABAE6E7248E82330059E180 /* Montserrat-SemiBold.ttf in Resources */ = {isa = PBXBuildFile; fileRef = 1ABAE6D4248E82330059E180 /* Montserrat-SemiBold.ttf */; };
		1ABAE6E8248E82330059E180 /* Montserrat-ExtraLightItalic.ttf in Resources */ = {isa = PBXBuildFile; fileRef = 1ABAE6D5248E82330059E180 /* Montserrat-ExtraLightItalic.ttf */; };
		1ABAE6E9248E82330059E180 /* Montserrat-ExtraBold.ttf in Resources */ = {isa = PBXBuildFile; fileRef = 1ABAE6D6248E82330059E180 /* Montserrat-ExtraBold.ttf */; };
		1ABAE6EA248E82330059E180 /* OFL.txt in Resources */ = {isa = PBXBuildFile; fileRef = 1ABAE6D7248E82330059E180 /* OFL.txt */; };
		1ABAE6EB248E82330059E180 /* Montserrat-Black.ttf in Resources */ = {isa = PBXBuildFile; fileRef = 1ABAE6D8248E82330059E180 /* Montserrat-Black.ttf */; };
		1ABAE6EC248E82330059E180 /* Montserrat-Regular.ttf in Resources */ = {isa = PBXBuildFile; fileRef = 1ABAE6D9248E82330059E180 /* Montserrat-Regular.ttf */; };
		1ABAE6ED248E82330059E180 /* Montserrat-Italic.ttf in Resources */ = {isa = PBXBuildFile; fileRef = 1ABAE6DA248E82330059E180 /* Montserrat-Italic.ttf */; };
		1ABAE6EE248E82330059E180 /* Montserrat-SemiBoldItalic.ttf in Resources */ = {isa = PBXBuildFile; fileRef = 1ABAE6DB248E82330059E180 /* Montserrat-SemiBoldItalic.ttf */; };
		1ABAE6EF248E82330059E180 /* Montserrat-ExtraBoldItalic.ttf in Resources */ = {isa = PBXBuildFile; fileRef = 1ABAE6DC248E82330059E180 /* Montserrat-ExtraBoldItalic.ttf */; };
		1ABAE6F1248E86AD0059E180 /* WTTextField.swift in Sources */ = {isa = PBXBuildFile; fileRef = 1ABAE6F0248E86AD0059E180 /* WTTextField.swift */; };
		1AC3E418249929EA009245CE /* HomeDataView.swift in Sources */ = {isa = PBXBuildFile; fileRef = 1AC3E417249929EA009245CE /* HomeDataView.swift */; };
		1AC3E41A24992AA4009245CE /* HomeBMIScaleView.swift in Sources */ = {isa = PBXBuildFile; fileRef = 1AC3E41924992AA4009245CE /* HomeBMIScaleView.swift */; };
		1AC5D1BE24B0A53D00C3371B /* MeasurementUnitCellView.swift in Sources */ = {isa = PBXBuildFile; fileRef = 1AC5D1BD24B0A53D00C3371B /* MeasurementUnitCellView.swift */; };
		1AC852EC2488F40C007D69BF /* DatabaseFacade.swift in Sources */ = {isa = PBXBuildFile; fileRef = 1AC852EB2488F40C007D69BF /* DatabaseFacade.swift */; };
		1ACCB8AD2494EA3B00DF6837 /* SignUpScreenView.swift in Sources */ = {isa = PBXBuildFile; fileRef = 1ACCB8AC2494EA3B00DF6837 /* SignUpScreenView.swift */; };
		1ACCB8AF249695BB00DF6837 /* UIButton+AddUnderline.swift in Sources */ = {isa = PBXBuildFile; fileRef = 1ACCB8AE249695BB00DF6837 /* UIButton+AddUnderline.swift */; };
		1AD3DE04249D12C10064F1B1 /* AuthService.swift in Sources */ = {isa = PBXBuildFile; fileRef = 1AD3DE03249D12C10064F1B1 /* AuthService.swift */; };
		1AE65E5E24B2E02500C0F9F9 /* DatePickerView.swift in Sources */ = {isa = PBXBuildFile; fileRef = 1AE65E5D24B2E02500C0F9F9 /* DatePickerView.swift */; };
		1AE65E6024B2E03100C0F9F9 /* DailyEntryView.swift in Sources */ = {isa = PBXBuildFile; fileRef = 1AE65E5F24B2E03100C0F9F9 /* DailyEntryView.swift */; };
		1AF1A8F024936D0700A86A04 /* GraphVC.swift in Sources */ = {isa = PBXBuildFile; fileRef = 1AF1A8EF24936D0700A86A04 /* GraphVC.swift */; };
		1AFCA33E24936D5A0057E54E /* GraphView.swift in Sources */ = {isa = PBXBuildFile; fileRef = 1AFCA33D24936D5A0057E54E /* GraphView.swift */; };
/* End PBXBuildFile section */

/* Begin PBXFileReference section */
		1130A63CFC9F4FE5574DAD0D /* Pods-WeightTracker.debug.xcconfig */ = {isa = PBXFileReference; includeInIndex = 1; lastKnownFileType = text.xcconfig; name = "Pods-WeightTracker.debug.xcconfig"; path = "Target Support Files/Pods-WeightTracker/Pods-WeightTracker.debug.xcconfig"; sourceTree = "<group>"; };
		1A01DD63249B54AE00CDE809 /* TabBarView.swift */ = {isa = PBXFileReference; lastKnownFileType = sourcecode.swift; path = TabBarView.swift; sourceTree = "<group>"; };
		1A23F66C248CB49200FCEC99 /* UIView+SetConstraints.swift */ = {isa = PBXFileReference; lastKnownFileType = sourcecode.swift; path = "UIView+SetConstraints.swift"; sourceTree = "<group>"; };
		1A24C110249B5C6E0062F717 /* DailyEntryVC.swift */ = {isa = PBXFileReference; lastKnownFileType = sourcecode.swift; path = DailyEntryVC.swift; sourceTree = "<group>"; };
		1A24C112249B5C820062F717 /* SettingsVC.swift */ = {isa = PBXFileReference; lastKnownFileType = sourcecode.swift; path = SettingsVC.swift; sourceTree = "<group>"; };
		1A26D01D2494DBC000D02C43 /* WTTitle.swift */ = {isa = PBXFileReference; lastKnownFileType = sourcecode.swift; path = WTTitle.swift; sourceTree = "<group>"; };
		1A26D01F2494E8DC00D02C43 /* LoginScreenView.swift */ = {isa = PBXFileReference; lastKnownFileType = sourcecode.swift; path = LoginScreenView.swift; sourceTree = "<group>"; };
		1A2C5D75248CCC04009494BC /* UIView+Keyboard.swift */ = {isa = PBXFileReference; lastKnownFileType = sourcecode.swift; path = "UIView+Keyboard.swift"; sourceTree = "<group>"; };
		1A2C5D77248CCD32009494BC /* UIView+CornerRadius.swift */ = {isa = PBXFileReference; lastKnownFileType = sourcecode.swift; path = "UIView+CornerRadius.swift"; sourceTree = "<group>"; };
		1A2C5D79248CCE1E009494BC /* UIView+SetSubviewsForAutoLayout.swift */ = {isa = PBXFileReference; lastKnownFileType = sourcecode.swift; path = "UIView+SetSubviewsForAutoLayout.swift"; sourceTree = "<group>"; };
		1A2C5D7C248CD645009494BC /* UIFont+FontBook.swift */ = {isa = PBXFileReference; lastKnownFileType = sourcecode.swift; path = "UIFont+FontBook.swift"; sourceTree = "<group>"; };
		1A2F0A56249AABE400D61FE5 /* SettingsCellView.swift */ = {isa = PBXFileReference; lastKnownFileType = sourcecode.swift; path = SettingsCellView.swift; sourceTree = "<group>"; };
		1A2F0A58249AAC0000D61FE5 /* EntryCellView.swift */ = {isa = PBXFileReference; lastKnownFileType = sourcecode.swift; path = EntryCellView.swift; sourceTree = "<group>"; };
		1A3D7B3D2491805500005F04 /* ForgotPasswordVC.swift */ = {isa = PBXFileReference; lastKnownFileType = sourcecode.swift; path = ForgotPasswordVC.swift; sourceTree = "<group>"; };
		1A3DBAA724A0F502008E07A3 /* OnboardingView.swift */ = {isa = PBXFileReference; lastKnownFileType = sourcecode.swift; path = OnboardingView.swift; sourceTree = "<group>"; };
		1A3F57CC24A5DB8F00A700D1 /* MeasurementUnitVC.swift */ = {isa = PBXFileReference; lastKnownFileType = sourcecode.swift; path = MeasurementUnitVC.swift; sourceTree = "<group>"; };
		1A3F57CE24A5DB9800A700D1 /* AboutVC.swift */ = {isa = PBXFileReference; lastKnownFileType = sourcecode.swift; path = AboutVC.swift; sourceTree = "<group>"; };
		1A3F57D024A5DBA300A700D1 /* EditProfileVC.swift */ = {isa = PBXFileReference; lastKnownFileType = sourcecode.swift; path = EditProfileVC.swift; sourceTree = "<group>"; };
		1A40CA5524A33B2C0008C67A /* UIViewController+TextfieldReturn.swift */ = {isa = PBXFileReference; lastKnownFileType = sourcecode.swift; path = "UIViewController+TextfieldReturn.swift"; sourceTree = "<group>"; };
		1A45B3AA2497F25D006C0F4B /* CircleDataView.swift */ = {isa = PBXFileReference; lastKnownFileType = sourcecode.swift; path = CircleDataView.swift; sourceTree = "<group>"; };
		1A45B3AC2498B99E006C0F4B /* CircularDataView.swift */ = {isa = PBXFileReference; fileEncoding = 4; lastKnownFileType = sourcecode.swift; path = CircularDataView.swift; sourceTree = "<group>"; };
		1A466B82249372EF00E48917 /* SignUpVC.swift */ = {isa = PBXFileReference; lastKnownFileType = sourcecode.swift; path = SignUpVC.swift; sourceTree = "<group>"; };
		1A466B852493730200E48917 /* ForgotPasswordView.swift */ = {isa = PBXFileReference; lastKnownFileType = sourcecode.swift; path = ForgotPasswordView.swift; sourceTree = "<group>"; };
		1A466B872493730900E48917 /* SignUpView.swift */ = {isa = PBXFileReference; lastKnownFileType = sourcecode.swift; path = SignUpView.swift; sourceTree = "<group>"; };
		1A4FA671248D2A7000B9E5E5 /* Roboto-Medium.ttf */ = {isa = PBXFileReference; lastKnownFileType = file; path = "Roboto-Medium.ttf"; sourceTree = "<group>"; };
		1A4FA672248D2A7000B9E5E5 /* Roboto-Light.ttf */ = {isa = PBXFileReference; lastKnownFileType = file; path = "Roboto-Light.ttf"; sourceTree = "<group>"; };
		1A4FA673248D2A7000B9E5E5 /* Roboto-Regular.ttf */ = {isa = PBXFileReference; lastKnownFileType = file; path = "Roboto-Regular.ttf"; sourceTree = "<group>"; };
		1A4FA674248D2A7000B9E5E5 /* Roboto-MediumItalic.ttf */ = {isa = PBXFileReference; lastKnownFileType = file; path = "Roboto-MediumItalic.ttf"; sourceTree = "<group>"; };
		1A4FA675248D2A7000B9E5E5 /* Roboto-ThinItalic.ttf */ = {isa = PBXFileReference; lastKnownFileType = file; path = "Roboto-ThinItalic.ttf"; sourceTree = "<group>"; };
		1A4FA676248D2A7000B9E5E5 /* Roboto-BoldItalic.ttf */ = {isa = PBXFileReference; lastKnownFileType = file; path = "Roboto-BoldItalic.ttf"; sourceTree = "<group>"; };
		1A4FA677248D2A7000B9E5E5 /* Roboto-LightItalic.ttf */ = {isa = PBXFileReference; lastKnownFileType = file; path = "Roboto-LightItalic.ttf"; sourceTree = "<group>"; };
		1A4FA678248D2A7000B9E5E5 /* Roboto-Italic.ttf */ = {isa = PBXFileReference; lastKnownFileType = file; path = "Roboto-Italic.ttf"; sourceTree = "<group>"; };
		1A4FA679248D2A7000B9E5E5 /* LICENSE.txt */ = {isa = PBXFileReference; fileEncoding = 4; lastKnownFileType = text; path = LICENSE.txt; sourceTree = "<group>"; };
		1A4FA67A248D2A7000B9E5E5 /* Roboto-BlackItalic.ttf */ = {isa = PBXFileReference; lastKnownFileType = file; path = "Roboto-BlackItalic.ttf"; sourceTree = "<group>"; };
		1A4FA67B248D2A7000B9E5E5 /* Roboto-Bold.ttf */ = {isa = PBXFileReference; lastKnownFileType = file; path = "Roboto-Bold.ttf"; sourceTree = "<group>"; };
		1A4FA67C248D2A7000B9E5E5 /* Roboto-Thin.ttf */ = {isa = PBXFileReference; lastKnownFileType = file; path = "Roboto-Thin.ttf"; sourceTree = "<group>"; };
		1A4FA67D248D2A7000B9E5E5 /* Roboto-Black.ttf */ = {isa = PBXFileReference; lastKnownFileType = file; path = "Roboto-Black.ttf"; sourceTree = "<group>"; };
		1A4FA68B248D33D800B9E5E5 /* PersonMO+CoreDataProperties.swift */ = {isa = PBXFileReference; fileEncoding = 4; lastKnownFileType = sourcecode.swift; path = "PersonMO+CoreDataProperties.swift"; sourceTree = SOURCE_ROOT; };
		1A4FA68C248D33D800B9E5E5 /* PersonMO+CoreDataClass.swift */ = {isa = PBXFileReference; fileEncoding = 4; lastKnownFileType = sourcecode.swift; path = "PersonMO+CoreDataClass.swift"; sourceTree = SOURCE_ROOT; };
		1A4FA68F248D33E200B9E5E5 /* MeasurementMO+CoreDataClass.swift */ = {isa = PBXFileReference; fileEncoding = 4; lastKnownFileType = sourcecode.swift; path = "MeasurementMO+CoreDataClass.swift"; sourceTree = SOURCE_ROOT; };
		1A4FA690248D33E200B9E5E5 /* MeasurementMO+CoreDataProperties.swift */ = {isa = PBXFileReference; fileEncoding = 4; lastKnownFileType = sourcecode.swift; path = "MeasurementMO+CoreDataProperties.swift"; sourceTree = SOURCE_ROOT; };
		1A4FA693248D3B7F00B9E5E5 /* AppEnvironment.swift */ = {isa = PBXFileReference; lastKnownFileType = sourcecode.swift; path = AppEnvironment.swift; sourceTree = "<group>"; };
		1A6021CD24B2D885003CF03F /* EntryTableView.swift */ = {isa = PBXFileReference; lastKnownFileType = sourcecode.swift; path = EntryTableView.swift; sourceTree = "<group>"; };
		1A648CA3248C001D00DE2E2B /* WTButton.swift */ = {isa = PBXFileReference; lastKnownFileType = sourcecode.swift; path = WTButton.swift; sourceTree = "<group>"; };
		1A66F75524812A500000CD30 /* WeightTracker.xcdatamodel */ = {isa = PBXFileReference; lastKnownFileType = wrapper.xcdatamodel; path = WeightTracker.xcdatamodel; sourceTree = "<group>"; };
		1A6C1E8D2488DE3C00FE085E /* CoreDataStack.swift */ = {isa = PBXFileReference; lastKnownFileType = sourcecode.swift; path = CoreDataStack.swift; sourceTree = "<group>"; };
		1A7210D3248F93950021E6F3 /* HomeVC.swift */ = {isa = PBXFileReference; lastKnownFileType = sourcecode.swift; path = HomeVC.swift; sourceTree = "<group>"; };
		1A7210D5248FD9540021E6F3 /* HomeView.swift */ = {isa = PBXFileReference; lastKnownFileType = sourcecode.swift; path = HomeView.swift; sourceTree = "<group>"; };
		1A7210D7248FE0A20021E6F3 /* WTNavBar.swift */ = {isa = PBXFileReference; lastKnownFileType = sourcecode.swift; path = WTNavBar.swift; sourceTree = "<group>"; };
		1A76400324A32AA50083A47E /* UIViewController+TapToDismissKeyboard.swift */ = {isa = PBXFileReference; lastKnownFileType = sourcecode.swift; path = "UIViewController+TapToDismissKeyboard.swift"; sourceTree = "<group>"; };
		1A768ABB249022770016BD30 /* TabBarVC.swift */ = {isa = PBXFileReference; lastKnownFileType = sourcecode.swift; path = TabBarVC.swift; sourceTree = "<group>"; };
		1A87B661248C291500369386 /* ThemeColor.swift */ = {isa = PBXFileReference; lastKnownFileType = sourcecode.swift; path = ThemeColor.swift; sourceTree = "<group>"; };
		1A8C7ECA24A4F0E400950A0C /* SettingsSections.swift */ = {isa = PBXFileReference; lastKnownFileType = sourcecode.swift; path = SettingsSections.swift; sourceTree = "<group>"; };
		1A8CFBA124814AFE00150C4A /* MeasurementEntry.swift */ = {isa = PBXFileReference; lastKnownFileType = sourcecode.swift; path = MeasurementEntry.swift; sourceTree = "<group>"; };
		1A8CFBA324814C7000150C4A /* Weight.swift */ = {isa = PBXFileReference; lastKnownFileType = sourcecode.swift; path = Weight.swift; sourceTree = "<group>"; };
		1A8CFBA624814DFC00150C4A /* WeightFacade.swift */ = {isa = PBXFileReference; lastKnownFileType = sourcecode.swift; path = WeightFacade.swift; sourceTree = "<group>"; };
		1A8CFBA82481507C00150C4A /* DateUtilities.swift */ = {isa = PBXFileReference; lastKnownFileType = sourcecode.swift; path = DateUtilities.swift; sourceTree = "<group>"; };
		1A96BE332480F8D900668FA1 /* WeightTracker.app */ = {isa = PBXFileReference; explicitFileType = wrapper.application; includeInIndex = 0; path = WeightTracker.app; sourceTree = BUILT_PRODUCTS_DIR; };
		1A96BE362480F8D900668FA1 /* AppDelegate.swift */ = {isa = PBXFileReference; lastKnownFileType = sourcecode.swift; path = AppDelegate.swift; sourceTree = "<group>"; };
		1A96BE382480F8D900668FA1 /* SceneDelegate.swift */ = {isa = PBXFileReference; lastKnownFileType = sourcecode.swift; path = SceneDelegate.swift; sourceTree = "<group>"; };
		1A96BE3A2480F8D900668FA1 /* ViewController.swift */ = {isa = PBXFileReference; lastKnownFileType = sourcecode.swift; path = ViewController.swift; sourceTree = "<group>"; };
		1A96BE3D2480F8D900668FA1 /* Base */ = {isa = PBXFileReference; lastKnownFileType = file.storyboard; name = Base; path = Base.lproj/Main.storyboard; sourceTree = "<group>"; };
		1A96BE3F2480F8DE00668FA1 /* Assets.xcassets */ = {isa = PBXFileReference; lastKnownFileType = folder.assetcatalog; path = Assets.xcassets; sourceTree = "<group>"; };
		1A96BE422480F8DE00668FA1 /* Base */ = {isa = PBXFileReference; lastKnownFileType = file.storyboard; name = Base; path = Base.lproj/LaunchScreen.storyboard; sourceTree = "<group>"; };
		1A96BE442480F8DE00668FA1 /* Info.plist */ = {isa = PBXFileReference; lastKnownFileType = text.plist.xml; path = Info.plist; sourceTree = "<group>"; };
		1A96BE512481039100668FA1 /* Person.swift */ = {isa = PBXFileReference; lastKnownFileType = sourcecode.swift; path = Person.swift; sourceTree = "<group>"; };
		1AA8033C2494018D005F1A23 /* WTUnderlineTextField.swift */ = {isa = PBXFileReference; lastKnownFileType = sourcecode.swift; path = WTUnderlineTextField.swift; sourceTree = "<group>"; };
		1AA9076624AF81EA0017E86B /* Constants.swift */ = {isa = PBXFileReference; lastKnownFileType = sourcecode.swift; path = Constants.swift; sourceTree = "<group>"; };
		1AB57E3B248BE1FD00041B9E /* GoogleService-Info.plist */ = {isa = PBXFileReference; fileEncoding = 4; lastKnownFileType = text.plist.xml; path = "GoogleService-Info.plist"; sourceTree = "<group>"; };
		1AB57E3D248BE59C00041B9E /* LoginVC.swift */ = {isa = PBXFileReference; lastKnownFileType = sourcecode.swift; path = LoginVC.swift; sourceTree = "<group>"; };
		1ABAE6CA248E82330059E180 /* Montserrat-LightItalic.ttf */ = {isa = PBXFileReference; lastKnownFileType = file; path = "Montserrat-LightItalic.ttf"; sourceTree = "<group>"; };
		1ABAE6CB248E82330059E180 /* Montserrat-Medium.ttf */ = {isa = PBXFileReference; lastKnownFileType = file; path = "Montserrat-Medium.ttf"; sourceTree = "<group>"; };
		1ABAE6CC248E82330059E180 /* Montserrat-BoldItalic.ttf */ = {isa = PBXFileReference; lastKnownFileType = file; path = "Montserrat-BoldItalic.ttf"; sourceTree = "<group>"; };
		1ABAE6CD248E82330059E180 /* Montserrat-Light.ttf */ = {isa = PBXFileReference; lastKnownFileType = file; path = "Montserrat-Light.ttf"; sourceTree = "<group>"; };
		1ABAE6CE248E82330059E180 /* Montserrat-ThinItalic.ttf */ = {isa = PBXFileReference; lastKnownFileType = file; path = "Montserrat-ThinItalic.ttf"; sourceTree = "<group>"; };
		1ABAE6CF248E82330059E180 /* Montserrat-ExtraLight.ttf */ = {isa = PBXFileReference; lastKnownFileType = file; path = "Montserrat-ExtraLight.ttf"; sourceTree = "<group>"; };
		1ABAE6D0248E82330059E180 /* Montserrat-Thin.ttf */ = {isa = PBXFileReference; lastKnownFileType = file; path = "Montserrat-Thin.ttf"; sourceTree = "<group>"; };
		1ABAE6D1248E82330059E180 /* Montserrat-Bold.ttf */ = {isa = PBXFileReference; lastKnownFileType = file; path = "Montserrat-Bold.ttf"; sourceTree = "<group>"; };
		1ABAE6D2248E82330059E180 /* Montserrat-MediumItalic.ttf */ = {isa = PBXFileReference; lastKnownFileType = file; path = "Montserrat-MediumItalic.ttf"; sourceTree = "<group>"; };
		1ABAE6D3248E82330059E180 /* Montserrat-BlackItalic.ttf */ = {isa = PBXFileReference; lastKnownFileType = file; path = "Montserrat-BlackItalic.ttf"; sourceTree = "<group>"; };
		1ABAE6D4248E82330059E180 /* Montserrat-SemiBold.ttf */ = {isa = PBXFileReference; lastKnownFileType = file; path = "Montserrat-SemiBold.ttf"; sourceTree = "<group>"; };
		1ABAE6D5248E82330059E180 /* Montserrat-ExtraLightItalic.ttf */ = {isa = PBXFileReference; lastKnownFileType = file; path = "Montserrat-ExtraLightItalic.ttf"; sourceTree = "<group>"; };
		1ABAE6D6248E82330059E180 /* Montserrat-ExtraBold.ttf */ = {isa = PBXFileReference; lastKnownFileType = file; path = "Montserrat-ExtraBold.ttf"; sourceTree = "<group>"; };
		1ABAE6D7248E82330059E180 /* OFL.txt */ = {isa = PBXFileReference; fileEncoding = 4; lastKnownFileType = text; path = OFL.txt; sourceTree = "<group>"; };
		1ABAE6D8248E82330059E180 /* Montserrat-Black.ttf */ = {isa = PBXFileReference; lastKnownFileType = file; path = "Montserrat-Black.ttf"; sourceTree = "<group>"; };
		1ABAE6D9248E82330059E180 /* Montserrat-Regular.ttf */ = {isa = PBXFileReference; lastKnownFileType = file; path = "Montserrat-Regular.ttf"; sourceTree = "<group>"; };
		1ABAE6DA248E82330059E180 /* Montserrat-Italic.ttf */ = {isa = PBXFileReference; lastKnownFileType = file; path = "Montserrat-Italic.ttf"; sourceTree = "<group>"; };
		1ABAE6DB248E82330059E180 /* Montserrat-SemiBoldItalic.ttf */ = {isa = PBXFileReference; lastKnownFileType = file; path = "Montserrat-SemiBoldItalic.ttf"; sourceTree = "<group>"; };
		1ABAE6DC248E82330059E180 /* Montserrat-ExtraBoldItalic.ttf */ = {isa = PBXFileReference; lastKnownFileType = file; path = "Montserrat-ExtraBoldItalic.ttf"; sourceTree = "<group>"; };
		1ABAE6F0248E86AD0059E180 /* WTTextField.swift */ = {isa = PBXFileReference; lastKnownFileType = sourcecode.swift; path = WTTextField.swift; sourceTree = "<group>"; };
		1AC3E417249929EA009245CE /* HomeDataView.swift */ = {isa = PBXFileReference; lastKnownFileType = sourcecode.swift; path = HomeDataView.swift; sourceTree = "<group>"; };
		1AC3E41924992AA4009245CE /* HomeBMIScaleView.swift */ = {isa = PBXFileReference; lastKnownFileType = sourcecode.swift; path = HomeBMIScaleView.swift; sourceTree = "<group>"; };
		1AC5D1BD24B0A53D00C3371B /* MeasurementUnitCellView.swift */ = {isa = PBXFileReference; lastKnownFileType = sourcecode.swift; path = MeasurementUnitCellView.swift; sourceTree = "<group>"; };
		1AC852EB2488F40C007D69BF /* DatabaseFacade.swift */ = {isa = PBXFileReference; lastKnownFileType = sourcecode.swift; path = DatabaseFacade.swift; sourceTree = "<group>"; };
		1ACCB8AC2494EA3B00DF6837 /* SignUpScreenView.swift */ = {isa = PBXFileReference; lastKnownFileType = sourcecode.swift; path = SignUpScreenView.swift; sourceTree = "<group>"; };
		1ACCB8AE249695BB00DF6837 /* UIButton+AddUnderline.swift */ = {isa = PBXFileReference; lastKnownFileType = sourcecode.swift; path = "UIButton+AddUnderline.swift"; sourceTree = "<group>"; };
		1AD3DE03249D12C10064F1B1 /* AuthService.swift */ = {isa = PBXFileReference; lastKnownFileType = sourcecode.swift; path = AuthService.swift; sourceTree = "<group>"; };
		1AE65E5D24B2E02500C0F9F9 /* DatePickerView.swift */ = {isa = PBXFileReference; lastKnownFileType = sourcecode.swift; path = DatePickerView.swift; sourceTree = "<group>"; };
		1AE65E5F24B2E03100C0F9F9 /* DailyEntryView.swift */ = {isa = PBXFileReference; lastKnownFileType = sourcecode.swift; path = DailyEntryView.swift; sourceTree = "<group>"; };
		1AF1A8EF24936D0700A86A04 /* GraphVC.swift */ = {isa = PBXFileReference; lastKnownFileType = sourcecode.swift; path = GraphVC.swift; sourceTree = "<group>"; };
		1AFCA33D24936D5A0057E54E /* GraphView.swift */ = {isa = PBXFileReference; lastKnownFileType = sourcecode.swift; path = GraphView.swift; sourceTree = "<group>"; };
		C372C46E4614091CB018E000 /* Pods_WeightTracker.framework */ = {isa = PBXFileReference; explicitFileType = wrapper.framework; includeInIndex = 0; path = Pods_WeightTracker.framework; sourceTree = BUILT_PRODUCTS_DIR; };
		CF9B934E653173027A4799E0 /* Pods-WeightTracker.release.xcconfig */ = {isa = PBXFileReference; includeInIndex = 1; lastKnownFileType = text.xcconfig; name = "Pods-WeightTracker.release.xcconfig"; path = "Target Support Files/Pods-WeightTracker/Pods-WeightTracker.release.xcconfig"; sourceTree = "<group>"; };
/* End PBXFileReference section */

/* Begin PBXFrameworksBuildPhase section */
		1A96BE302480F8D900668FA1 /* Frameworks */ = {
			isa = PBXFrameworksBuildPhase;
			buildActionMask = 2147483647;
			files = (
				129621EB94EB9EA016958E0A /* Pods_WeightTracker.framework in Frameworks */,
			);
			runOnlyForDeploymentPostprocessing = 0;
		};
/* End PBXFrameworksBuildPhase section */

/* Begin PBXGroup section */
		1A01DD65249B54BA00CDE809 /* TabBar */ = {
			isa = PBXGroup;
			children = (
				1A01DD63249B54AE00CDE809 /* TabBarView.swift */,
			);
			path = TabBar;
			sourceTree = "<group>";
		};
		1A23F66B248CB47E00FCEC99 /* UIView */ = {
			isa = PBXGroup;
			children = (
				1A23F66C248CB49200FCEC99 /* UIView+SetConstraints.swift */,
				1A2C5D75248CCC04009494BC /* UIView+Keyboard.swift */,
				1A2C5D77248CCD32009494BC /* UIView+CornerRadius.swift */,
				1A2C5D79248CCE1E009494BC /* UIView+SetSubviewsForAutoLayout.swift */,
			);
			path = UIView;
			sourceTree = "<group>";
		};
		1A23F670248CBF9000FCEC99 /* Fonts */ = {
			isa = PBXGroup;
			children = (
				1ABAE6C9248E82330059E180 /* Montserrat */,
				1A4FA670248D2A7000B9E5E5 /* Roboto */,
			);
			path = Fonts;
			sourceTree = "<group>";
		};
		1A24C10F249B5C380062F717 /* Main Screen */ = {
			isa = PBXGroup;
			children = (
				1A7210D3248F93950021E6F3 /* HomeVC.swift */,
				1AF1A8EF24936D0700A86A04 /* GraphVC.swift */,
				1A24C110249B5C6E0062F717 /* DailyEntryVC.swift */,
				1A24C112249B5C820062F717 /* SettingsVC.swift */,
				1A3F57CB24A5DB6F00A700D1 /* Settings SubVC */,
			);
			path = "Main Screen";
			sourceTree = "<group>";
		};
		1A2C5D7B248CD631009494BC /* UIFont */ = {
			isa = PBXGroup;
			children = (
				1A2C5D7C248CD645009494BC /* UIFont+FontBook.swift */,
			);
			path = UIFont;
			sourceTree = "<group>";
		};
		1A3D7B3C2491804100005F04 /* Login */ = {
			isa = PBXGroup;
			children = (
				1AB57E3D248BE59C00041B9E /* LoginVC.swift */,
				1A466B82249372EF00E48917 /* SignUpVC.swift */,
				1A3D7B3D2491805500005F04 /* ForgotPasswordVC.swift */,
			);
			path = Login;
			sourceTree = "<group>";
		};
		1A3F57CB24A5DB6F00A700D1 /* Settings SubVC */ = {
			isa = PBXGroup;
			children = (
				1A3F57CC24A5DB8F00A700D1 /* MeasurementUnitVC.swift */,
				1A3F57CE24A5DB9800A700D1 /* AboutVC.swift */,
				1A3F57D024A5DBA300A700D1 /* EditProfileVC.swift */,
			);
			path = "Settings SubVC";
			sourceTree = "<group>";
		};
		1A456F2124A4CEE50049BD82 /* SettingsTableView */ = {
			isa = PBXGroup;
			children = (
				1A2F0A56249AABE400D61FE5 /* SettingsCellView.swift */,
				1AC5D1BD24B0A53D00C3371B /* MeasurementUnitCellView.swift */,
			);
			path = SettingsTableView;
			sourceTree = "<group>";
		};
		1A45B3A92497F23C006C0F4B /* Home */ = {
			isa = PBXGroup;
			children = (
				1A7210D5248FD9540021E6F3 /* HomeView.swift */,
				1A45B3AA2497F25D006C0F4B /* CircleDataView.swift */,
				1AC3E417249929EA009245CE /* HomeDataView.swift */,
				1AC3E41924992AA4009245CE /* HomeBMIScaleView.swift */,
			);
			path = Home;
			sourceTree = "<group>";
		};
		1A466B84249372F400E48917 /* Login */ = {
			isa = PBXGroup;
			children = (
				1A26D01F2494E8DC00D02C43 /* LoginScreenView.swift */,
				1ACCB8AC2494EA3B00DF6837 /* SignUpScreenView.swift */,
				1A466B852493730200E48917 /* ForgotPasswordView.swift */,
			);
			path = Login;
			sourceTree = "<group>";
		};
		1A4FA670248D2A7000B9E5E5 /* Roboto */ = {
			isa = PBXGroup;
			children = (
				1A4FA671248D2A7000B9E5E5 /* Roboto-Medium.ttf */,
				1A4FA672248D2A7000B9E5E5 /* Roboto-Light.ttf */,
				1A4FA673248D2A7000B9E5E5 /* Roboto-Regular.ttf */,
				1A4FA674248D2A7000B9E5E5 /* Roboto-MediumItalic.ttf */,
				1A4FA675248D2A7000B9E5E5 /* Roboto-ThinItalic.ttf */,
				1A4FA676248D2A7000B9E5E5 /* Roboto-BoldItalic.ttf */,
				1A4FA677248D2A7000B9E5E5 /* Roboto-LightItalic.ttf */,
				1A4FA678248D2A7000B9E5E5 /* Roboto-Italic.ttf */,
				1A4FA679248D2A7000B9E5E5 /* LICENSE.txt */,
				1A4FA67A248D2A7000B9E5E5 /* Roboto-BlackItalic.ttf */,
				1A4FA67B248D2A7000B9E5E5 /* Roboto-Bold.ttf */,
				1A4FA67C248D2A7000B9E5E5 /* Roboto-Thin.ttf */,
				1A4FA67D248D2A7000B9E5E5 /* Roboto-Black.ttf */,
			);
			path = Roboto;
			sourceTree = "<group>";
		};
		1A6021CC24B2D865003CF03F /* Daily Entry  */ = {
			isa = PBXGroup;
			children = (
				1AE65E5F24B2E03100C0F9F9 /* DailyEntryView.swift */,
				1AE65E5D24B2E02500C0F9F9 /* DatePickerView.swift */,
				1A6021CD24B2D885003CF03F /* EntryTableView.swift */,
				1A2F0A58249AAC0000D61FE5 /* EntryCellView.swift */,
			);
			path = "Daily Entry ";
			sourceTree = "<group>";
		};
		1A648CA7248C08B700DE2E2B /* UIColor */ = {
			isa = PBXGroup;
			children = (
				1A87B661248C291500369386 /* ThemeColor.swift */,
			);
			path = UIColor;
			sourceTree = "<group>";
		};
		1A66F74F24810FD60000CD30 /* Extensions */ = {
			isa = PBXGroup;
			children = (
				1A76827624B45CCB00487381 /* Date */,
				1A76400224A32A760083A47E /* UIViewController */,
				1ACCB8B0249699AC00DF6837 /* UIButton */,
				1A2C5D7B248CD631009494BC /* UIFont */,
				1A23F66B248CB47E00FCEC99 /* UIView */,
				1A648CA7248C08B700DE2E2B /* UIColor */,
				1A8CFBA324814C7000150C4A /* Weight.swift */,
			);
			path = Extensions;
			sourceTree = "<group>";
		};
		1A6C1E8C2488DA7400FE085E /* CoreData */ = {
			isa = PBXGroup;
			children = (
				1A6C1E8D2488DE3C00FE085E /* CoreDataStack.swift */,
				1A66F75424812A500000CD30 /* WeightTracker.xcdatamodeld */,
				1AF0524B2488E3F9009FB5B7 /* CoreData Properties */,
			);
			path = CoreData;
			sourceTree = "<group>";
		};
		1A76400224A32A760083A47E /* UIViewController */ = {
			isa = PBXGroup;
			children = (
				1A76400324A32AA50083A47E /* UIViewController+TapToDismissKeyboard.swift */,
				1A40CA5524A33B2C0008C67A /* UIViewController+TextfieldReturn.swift */,
			);
			path = UIViewController;
			sourceTree = "<group>";
		};
		1A76827624B45CCB00487381 /* Date */ = {
			isa = PBXGroup;
			children = (
				1A8CFBA82481507C00150C4A /* DateUtilities.swift */,
			);
			path = Date;
			sourceTree = "<group>";
		};
		1A8CFBA524814DDD00150C4A /* Services */ = {
			isa = PBXGroup;
			children = (
				1AD3DE03249D12C10064F1B1 /* AuthService.swift */,
				1A8CFBA624814DFC00150C4A /* WeightFacade.swift */,
				1AC852EB2488F40C007D69BF /* DatabaseFacade.swift */,
			);
			path = Services;
			sourceTree = "<group>";
		};
		1A96BE2A2480F8D900668FA1 = {
			isa = PBXGroup;
			children = (
				1A96BE4F248102AA00668FA1 /* Storyboards */,
				1A96BE4B2481026600668FA1 /* View Controllers */,
				1A96BE4C2481026E00668FA1 /* Views */,
				1A8CFBA524814DDD00150C4A /* Services */,
				1A96BE4D2481027200668FA1 /* Model */,
				1A6C1E8C2488DA7400FE085E /* CoreData */,
				1A66F74F24810FD60000CD30 /* Extensions */,
				1A96BE4A2481025F00668FA1 /* Resources */,
				1A96BE50248102C300668FA1 /* System */,
				1A96BE342480F8D900668FA1 /* Products */,
				FF3261FE794BEE06122961DD /* Pods */,
				3A0DEAD14ADE85BDD4DF8C9B /* Frameworks */,
			);
			sourceTree = "<group>";
		};
		1A96BE342480F8D900668FA1 /* Products */ = {
			isa = PBXGroup;
			children = (
				1A96BE332480F8D900668FA1 /* WeightTracker.app */,
			);
			name = Products;
			sourceTree = "<group>";
		};
		1A96BE4A2481025F00668FA1 /* Resources */ = {
			isa = PBXGroup;
			children = (
				1A23F670248CBF9000FCEC99 /* Fonts */,
				1A96BE3F2480F8DE00668FA1 /* Assets.xcassets */,
			);
			path = Resources;
			sourceTree = "<group>";
		};
		1A96BE4B2481026600668FA1 /* View Controllers */ = {
			isa = PBXGroup;
			children = (
				1A3D7B3C2491804100005F04 /* Login */,
				1A24C10F249B5C380062F717 /* Main Screen */,
				1A768ABB249022770016BD30 /* TabBarVC.swift */,
				1A96BE3A2480F8D900668FA1 /* ViewController.swift */,
			);
			path = "View Controllers";
			sourceTree = "<group>";
		};
		1A96BE4C2481026E00668FA1 /* Views */ = {
			isa = PBXGroup;
			children = (
				1A3DBAA724A0F502008E07A3 /* OnboardingView.swift */,
				1A466B84249372F400E48917 /* Login */,
				1ACC704E249C8BF300D2B666 /* Main Screen */,
				1A01DD65249B54BA00CDE809 /* TabBar */,
				1ABAE6F2248E87A30059E180 /* CustomUIElements */,
				1A45B3AC2498B99E006C0F4B /* CircularDataView.swift */,
				1A466B872493730900E48917 /* SignUpView.swift */,
			);
			path = Views;
			sourceTree = "<group>";
		};
		1A96BE4D2481027200668FA1 /* Model */ = {
			isa = PBXGroup;
			children = (
				1A96BE512481039100668FA1 /* Person.swift */,
				1A8CFBA124814AFE00150C4A /* MeasurementEntry.swift */,
				1A8C7ECA24A4F0E400950A0C /* SettingsSections.swift */,
			);
			path = Model;
			sourceTree = "<group>";
		};
		1A96BE4F248102AA00668FA1 /* Storyboards */ = {
			isa = PBXGroup;
			children = (
				1A96BE3C2480F8D900668FA1 /* Main.storyboard */,
				1A96BE412480F8DE00668FA1 /* LaunchScreen.storyboard */,
			);
			path = Storyboards;
			sourceTree = "<group>";
		};
		1A96BE50248102C300668FA1 /* System */ = {
			isa = PBXGroup;
			children = (
				1A96BE362480F8D900668FA1 /* AppDelegate.swift */,
				1A96BE382480F8D900668FA1 /* SceneDelegate.swift */,
				1A4FA693248D3B7F00B9E5E5 /* AppEnvironment.swift */,
				1AA9076624AF81EA0017E86B /* Constants.swift */,
				1A96BE442480F8DE00668FA1 /* Info.plist */,
				1AB57E3B248BE1FD00041B9E /* GoogleService-Info.plist */,
			);
			path = System;
			sourceTree = "<group>";
		};
		1ABAE6C9248E82330059E180 /* Montserrat */ = {
			isa = PBXGroup;
			children = (
				1ABAE6CA248E82330059E180 /* Montserrat-LightItalic.ttf */,
				1ABAE6CB248E82330059E180 /* Montserrat-Medium.ttf */,
				1ABAE6CC248E82330059E180 /* Montserrat-BoldItalic.ttf */,
				1ABAE6CD248E82330059E180 /* Montserrat-Light.ttf */,
				1ABAE6CE248E82330059E180 /* Montserrat-ThinItalic.ttf */,
				1ABAE6CF248E82330059E180 /* Montserrat-ExtraLight.ttf */,
				1ABAE6D0248E82330059E180 /* Montserrat-Thin.ttf */,
				1ABAE6D1248E82330059E180 /* Montserrat-Bold.ttf */,
				1ABAE6D2248E82330059E180 /* Montserrat-MediumItalic.ttf */,
				1ABAE6D3248E82330059E180 /* Montserrat-BlackItalic.ttf */,
				1ABAE6D4248E82330059E180 /* Montserrat-SemiBold.ttf */,
				1ABAE6D5248E82330059E180 /* Montserrat-ExtraLightItalic.ttf */,
				1ABAE6D6248E82330059E180 /* Montserrat-ExtraBold.ttf */,
				1ABAE6D7248E82330059E180 /* OFL.txt */,
				1ABAE6D8248E82330059E180 /* Montserrat-Black.ttf */,
				1ABAE6D9248E82330059E180 /* Montserrat-Regular.ttf */,
				1ABAE6DA248E82330059E180 /* Montserrat-Italic.ttf */,
				1ABAE6DB248E82330059E180 /* Montserrat-SemiBoldItalic.ttf */,
				1ABAE6DC248E82330059E180 /* Montserrat-ExtraBoldItalic.ttf */,
			);
			name = Montserrat;
			path = ../../../../../../Asssets/Fonts/Montserrat;
			sourceTree = "<group>";
		};
		1ABAE6F2248E87A30059E180 /* CustomUIElements */ = {
			isa = PBXGroup;
			children = (
				1A648CA3248C001D00DE2E2B /* WTButton.swift */,
				1ABAE6F0248E86AD0059E180 /* WTTextField.swift */,
				1A7210D7248FE0A20021E6F3 /* WTNavBar.swift */,
				1AA8033C2494018D005F1A23 /* WTUnderlineTextField.swift */,
				1A26D01D2494DBC000D02C43 /* WTTitle.swift */,
			);
			path = CustomUIElements;
			sourceTree = "<group>";
		};
		1ACC704E249C8BF300D2B666 /* Main Screen */ = {
			isa = PBXGroup;
			children = (
				1A45B3A92497F23C006C0F4B /* Home */,
				1AFCA33D24936D5A0057E54E /* GraphView.swift */,
				1A6021CC24B2D865003CF03F /* Daily Entry  */,
				1A456F2124A4CEE50049BD82 /* SettingsTableView */,
			);
			path = "Main Screen";
			sourceTree = "<group>";
		};
		1ACCB8B0249699AC00DF6837 /* UIButton */ = {
			isa = PBXGroup;
			children = (
				1ACCB8AE249695BB00DF6837 /* UIButton+AddUnderline.swift */,
			);
			path = UIButton;
			sourceTree = "<group>";
		};
		1AF0524B2488E3F9009FB5B7 /* CoreData Properties */ = {
			isa = PBXGroup;
			children = (
				1AF0524C2488E414009FB5B7 /* Person */,
				1AF0524D2488E41B009FB5B7 /* Measurement */,
			);
			path = "CoreData Properties";
			sourceTree = "<group>";
		};
		1AF0524C2488E414009FB5B7 /* Person */ = {
			isa = PBXGroup;
			children = (
				1A4FA68C248D33D800B9E5E5 /* PersonMO+CoreDataClass.swift */,
				1A4FA68B248D33D800B9E5E5 /* PersonMO+CoreDataProperties.swift */,
			);
			path = Person;
			sourceTree = "<group>";
		};
		1AF0524D2488E41B009FB5B7 /* Measurement */ = {
			isa = PBXGroup;
			children = (
				1A4FA68F248D33E200B9E5E5 /* MeasurementMO+CoreDataClass.swift */,
				1A4FA690248D33E200B9E5E5 /* MeasurementMO+CoreDataProperties.swift */,
			);
			path = Measurement;
			sourceTree = "<group>";
		};
		3A0DEAD14ADE85BDD4DF8C9B /* Frameworks */ = {
			isa = PBXGroup;
			children = (
				C372C46E4614091CB018E000 /* Pods_WeightTracker.framework */,
			);
			name = Frameworks;
			sourceTree = "<group>";
		};
		FF3261FE794BEE06122961DD /* Pods */ = {
			isa = PBXGroup;
			children = (
				1130A63CFC9F4FE5574DAD0D /* Pods-WeightTracker.debug.xcconfig */,
				CF9B934E653173027A4799E0 /* Pods-WeightTracker.release.xcconfig */,
			);
			path = Pods;
			sourceTree = "<group>";
		};
/* End PBXGroup section */

/* Begin PBXNativeTarget section */
		1A96BE322480F8D900668FA1 /* WeightTracker */ = {
			isa = PBXNativeTarget;
			buildConfigurationList = 1A96BE472480F8DE00668FA1 /* Build configuration list for PBXNativeTarget "WeightTracker" */;
			buildPhases = (
				55B759480AFD2A3C73F66C0E /* [CP] Check Pods Manifest.lock */,
				1A96BE2F2480F8D900668FA1 /* Sources */,
				1A96BE302480F8D900668FA1 /* Frameworks */,
				1A96BE312480F8D900668FA1 /* Resources */,
				13222DDDA214E83D0E9ADE94 /* [CP] Embed Pods Frameworks */,
			);
			buildRules = (
			);
			dependencies = (
			);
			name = WeightTracker;
			productName = WeightTracker;
			productReference = 1A96BE332480F8D900668FA1 /* WeightTracker.app */;
			productType = "com.apple.product-type.application";
		};
/* End PBXNativeTarget section */

/* Begin PBXProject section */
		1A96BE2B2480F8D900668FA1 /* Project object */ = {
			isa = PBXProject;
			attributes = {
				LastSwiftUpdateCheck = 1150;
				LastUpgradeCheck = 1150;
				ORGANIZATIONNAME = "Yohai Reshef";
				TargetAttributes = {
					1A96BE322480F8D900668FA1 = {
						CreatedOnToolsVersion = 11.5;
					};
				};
			};
			buildConfigurationList = 1A96BE2E2480F8D900668FA1 /* Build configuration list for PBXProject "WeightTracker" */;
			compatibilityVersion = "Xcode 9.3";
			developmentRegion = en;
			hasScannedForEncodings = 0;
			knownRegions = (
				en,
				Base,
			);
			mainGroup = 1A96BE2A2480F8D900668FA1;
			productRefGroup = 1A96BE342480F8D900668FA1 /* Products */;
			projectDirPath = "";
			projectRoot = "";
			targets = (
				1A96BE322480F8D900668FA1 /* WeightTracker */,
			);
		};
/* End PBXProject section */

/* Begin PBXResourcesBuildPhase section */
		1A96BE312480F8D900668FA1 /* Resources */ = {
			isa = PBXResourcesBuildPhase;
			buildActionMask = 2147483647;
			files = (
				1ABAE6E6248E82330059E180 /* Montserrat-BlackItalic.ttf in Resources */,
				1ABAE6E0248E82330059E180 /* Montserrat-Light.ttf in Resources */,
				1A4FA682248D2A7000B9E5E5 /* Roboto-ThinItalic.ttf in Resources */,
				1ABAE6E8248E82330059E180 /* Montserrat-ExtraLightItalic.ttf in Resources */,
				1A4FA683248D2A7000B9E5E5 /* Roboto-BoldItalic.ttf in Resources */,
				1ABAE6ED248E82330059E180 /* Montserrat-Italic.ttf in Resources */,
				1A4FA689248D2A7000B9E5E5 /* Roboto-Thin.ttf in Resources */,
				1A4FA684248D2A7000B9E5E5 /* Roboto-LightItalic.ttf in Resources */,
				1A96BE432480F8DE00668FA1 /* LaunchScreen.storyboard in Resources */,
				1ABAE6EF248E82330059E180 /* Montserrat-ExtraBoldItalic.ttf in Resources */,
				1A4FA68A248D2A7000B9E5E5 /* Roboto-Black.ttf in Resources */,
				1ABAE6EB248E82330059E180 /* Montserrat-Black.ttf in Resources */,
				1AB57E3C248BE1FD00041B9E /* GoogleService-Info.plist in Resources */,
				1A4FA685248D2A7000B9E5E5 /* Roboto-Italic.ttf in Resources */,
				1ABAE6EC248E82330059E180 /* Montserrat-Regular.ttf in Resources */,
				1ABAE6E7248E82330059E180 /* Montserrat-SemiBold.ttf in Resources */,
				1ABAE6DF248E82330059E180 /* Montserrat-BoldItalic.ttf in Resources */,
				1ABAE6DD248E82330059E180 /* Montserrat-LightItalic.ttf in Resources */,
				1ABAE6DE248E82330059E180 /* Montserrat-Medium.ttf in Resources */,
				1ABAE6EA248E82330059E180 /* OFL.txt in Resources */,
				1A4FA686248D2A7000B9E5E5 /* LICENSE.txt in Resources */,
				1A4FA687248D2A7000B9E5E5 /* Roboto-BlackItalic.ttf in Resources */,
				1ABAE6E5248E82330059E180 /* Montserrat-MediumItalic.ttf in Resources */,
				1A4FA680248D2A7000B9E5E5 /* Roboto-Regular.ttf in Resources */,
				1ABAE6E4248E82330059E180 /* Montserrat-Bold.ttf in Resources */,
				1ABAE6E2248E82330059E180 /* Montserrat-ExtraLight.ttf in Resources */,
				1A4FA67E248D2A7000B9E5E5 /* Roboto-Medium.ttf in Resources */,
				1ABAE6E1248E82330059E180 /* Montserrat-ThinItalic.ttf in Resources */,
				1A96BE402480F8DE00668FA1 /* Assets.xcassets in Resources */,
				1ABAE6EE248E82330059E180 /* Montserrat-SemiBoldItalic.ttf in Resources */,
				1A4FA67F248D2A7000B9E5E5 /* Roboto-Light.ttf in Resources */,
				1ABAE6E9248E82330059E180 /* Montserrat-ExtraBold.ttf in Resources */,
				1A96BE3E2480F8D900668FA1 /* Main.storyboard in Resources */,
				1A4FA681248D2A7000B9E5E5 /* Roboto-MediumItalic.ttf in Resources */,
				1ABAE6E3248E82330059E180 /* Montserrat-Thin.ttf in Resources */,
				1A4FA688248D2A7000B9E5E5 /* Roboto-Bold.ttf in Resources */,
			);
			runOnlyForDeploymentPostprocessing = 0;
		};
/* End PBXResourcesBuildPhase section */

/* Begin PBXShellScriptBuildPhase section */
		13222DDDA214E83D0E9ADE94 /* [CP] Embed Pods Frameworks */ = {
			isa = PBXShellScriptBuildPhase;
			buildActionMask = 2147483647;
			files = (
			);
			inputFileListPaths = (
				"${PODS_ROOT}/Target Support Files/Pods-WeightTracker/Pods-WeightTracker-frameworks-${CONFIGURATION}-input-files.xcfilelist",
			);
			name = "[CP] Embed Pods Frameworks";
			outputFileListPaths = (
				"${PODS_ROOT}/Target Support Files/Pods-WeightTracker/Pods-WeightTracker-frameworks-${CONFIGURATION}-output-files.xcfilelist",
			);
			runOnlyForDeploymentPostprocessing = 0;
			shellPath = /bin/sh;
			shellScript = "\"${PODS_ROOT}/Target Support Files/Pods-WeightTracker/Pods-WeightTracker-frameworks.sh\"\n";
			showEnvVarsInLog = 0;
		};
		55B759480AFD2A3C73F66C0E /* [CP] Check Pods Manifest.lock */ = {
			isa = PBXShellScriptBuildPhase;
			buildActionMask = 2147483647;
			files = (
			);
			inputFileListPaths = (
			);
			inputPaths = (
				"${PODS_PODFILE_DIR_PATH}/Podfile.lock",
				"${PODS_ROOT}/Manifest.lock",
			);
			name = "[CP] Check Pods Manifest.lock";
			outputFileListPaths = (
			);
			outputPaths = (
				"$(DERIVED_FILE_DIR)/Pods-WeightTracker-checkManifestLockResult.txt",
			);
			runOnlyForDeploymentPostprocessing = 0;
			shellPath = /bin/sh;
			shellScript = "diff \"${PODS_PODFILE_DIR_PATH}/Podfile.lock\" \"${PODS_ROOT}/Manifest.lock\" > /dev/null\nif [ $? != 0 ] ; then\n    # print error to STDERR\n    echo \"error: The sandbox is not in sync with the Podfile.lock. Run 'pod install' or update your CocoaPods installation.\" >&2\n    exit 1\nfi\n# This output is used by Xcode 'outputs' to avoid re-running this script phase.\necho \"SUCCESS\" > \"${SCRIPT_OUTPUT_FILE_0}\"\n";
			showEnvVarsInLog = 0;
		};
/* End PBXShellScriptBuildPhase section */

/* Begin PBXSourcesBuildPhase section */
		1A96BE2F2480F8D900668FA1 /* Sources */ = {
			isa = PBXSourcesBuildPhase;
			buildActionMask = 2147483647;
			files = (
				1A23F66D248CB49200FCEC99 /* UIView+SetConstraints.swift in Sources */,
				1A96BE3B2480F8D900668FA1 /* ViewController.swift in Sources */,
				1AC3E418249929EA009245CE /* HomeDataView.swift in Sources */,
				1A7210D6248FD9540021E6F3 /* HomeView.swift in Sources */,
				1AC5D1BE24B0A53D00C3371B /* MeasurementUnitCellView.swift in Sources */,
				1AE65E6024B2E03100C0F9F9 /* DailyEntryView.swift in Sources */,
				1AE65E5E24B2E02500C0F9F9 /* DatePickerView.swift in Sources */,
				1A2C5D7A248CCE1E009494BC /* UIView+SetSubviewsForAutoLayout.swift in Sources */,
				1ABAE6F1248E86AD0059E180 /* WTTextField.swift in Sources */,
				1A96BE372480F8D900668FA1 /* AppDelegate.swift in Sources */,
				1A6C1E8E2488DE3C00FE085E /* CoreDataStack.swift in Sources */,
				1A2F0A57249AABE400D61FE5 /* SettingsCellView.swift in Sources */,
				1A40CA5624A33B2C0008C67A /* UIViewController+TextfieldReturn.swift in Sources */,
				1A96BE392480F8D900668FA1 /* SceneDelegate.swift in Sources */,
				1A26D01E2494DBC000D02C43 /* WTTitle.swift in Sources */,
				1A87B662248C291500369386 /* ThemeColor.swift in Sources */,
				1A24C113249B5C820062F717 /* SettingsVC.swift in Sources */,
				1AC852EC2488F40C007D69BF /* DatabaseFacade.swift in Sources */,
				1A2C5D78248CCD32009494BC /* UIView+CornerRadius.swift in Sources */,
				1A3DBAA824A0F502008E07A3 /* OnboardingView.swift in Sources */,
				1A24C111249B5C6E0062F717 /* DailyEntryVC.swift in Sources */,
				1A7210D8248FE0A20021E6F3 /* WTNavBar.swift in Sources */,
				1A3D7B3E2491805500005F04 /* ForgotPasswordVC.swift in Sources */,
				1AD3DE04249D12C10064F1B1 /* AuthService.swift in Sources */,
				1A26D0202494E8DC00D02C43 /* LoginScreenView.swift in Sources */,
				1A01DD64249B54AE00CDE809 /* TabBarView.swift in Sources */,
				1A4FA68E248D33D800B9E5E5 /* PersonMO+CoreDataClass.swift in Sources */,
				1A8CFBA224814AFE00150C4A /* MeasurementEntry.swift in Sources */,
				1A8CFBA724814DFC00150C4A /* WeightFacade.swift in Sources */,
				1A2C5D76248CCC04009494BC /* UIView+Keyboard.swift in Sources */,
				1A768ABC249022770016BD30 /* TabBarVC.swift in Sources */,
				1A66F75624812A500000CD30 /* WeightTracker.xcdatamodeld in Sources */,
				1A96BE522481039100668FA1 /* Person.swift in Sources */,
				1A3F57CF24A5DB9800A700D1 /* AboutVC.swift in Sources */,
				1AA8033D2494018D005F1A23 /* WTUnderlineTextField.swift in Sources */,
				1A8CFBA92481507C00150C4A /* DateUtilities.swift in Sources */,
				1A4FA691248D33E200B9E5E5 /* MeasurementMO+CoreDataClass.swift in Sources */,
				1AA9076724AF81EA0017E86B /* Constants.swift in Sources */,
				1ACCB8AD2494EA3B00DF6837 /* SignUpScreenView.swift in Sources */,
				1A466B882493730900E48917 /* SignUpView.swift in Sources */,
				1A466B862493730200E48917 /* ForgotPasswordView.swift in Sources */,
				1A2F0A59249AAC0000D61FE5 /* EntryCellView.swift in Sources */,
				1A3F57CD24A5DB8F00A700D1 /* MeasurementUnitVC.swift in Sources */,
				1AC3E41A24992AA4009245CE /* HomeBMIScaleView.swift in Sources */,
				1A76400424A32AA50083A47E /* UIViewController+TapToDismissKeyboard.swift in Sources */,
				1A2C5D7D248CD645009494BC /* UIFont+FontBook.swift in Sources */,
				1AB57E3E248BE59C00041B9E /* LoginVC.swift in Sources */,
				1A7210D4248F93950021E6F3 /* HomeVC.swift in Sources */,
				1ACCB8AF249695BB00DF6837 /* UIButton+AddUnderline.swift in Sources */,
				1A466B83249372EF00E48917 /* SignUpVC.swift in Sources */,
				1A8C7ECB24A4F0E400950A0C /* SettingsSections.swift in Sources */,
				1A4FA694248D3B7F00B9E5E5 /* AppEnvironment.swift in Sources */,
				1A45B3AB2497F25D006C0F4B /* CircleDataView.swift in Sources */,
				1A4FA68D248D33D800B9E5E5 /* PersonMO+CoreDataProperties.swift in Sources */,
				1A6021CE24B2D885003CF03F /* EntryTableView.swift in Sources */,
				1A45B3AD2498B99E006C0F4B /* CircularDataView.swift in Sources */,
				1AFCA33E24936D5A0057E54E /* GraphView.swift in Sources */,
				1A648CA4248C001D00DE2E2B /* WTButton.swift in Sources */,
				1A4FA692248D33E200B9E5E5 /* MeasurementMO+CoreDataProperties.swift in Sources */,
				1A8CFBA424814C7000150C4A /* Weight.swift in Sources */,
				1A3F57D124A5DBA300A700D1 /* EditProfileVC.swift in Sources */,
				1AF1A8F024936D0700A86A04 /* GraphVC.swift in Sources */,
			);
			runOnlyForDeploymentPostprocessing = 0;
		};
/* End PBXSourcesBuildPhase section */

/* Begin PBXVariantGroup section */
		1A96BE3C2480F8D900668FA1 /* Main.storyboard */ = {
			isa = PBXVariantGroup;
			children = (
				1A96BE3D2480F8D900668FA1 /* Base */,
			);
			name = Main.storyboard;
			sourceTree = "<group>";
		};
		1A96BE412480F8DE00668FA1 /* LaunchScreen.storyboard */ = {
			isa = PBXVariantGroup;
			children = (
				1A96BE422480F8DE00668FA1 /* Base */,
			);
			name = LaunchScreen.storyboard;
			sourceTree = "<group>";
		};
/* End PBXVariantGroup section */

/* Begin XCBuildConfiguration section */
		1A96BE452480F8DE00668FA1 /* Debug */ = {
			isa = XCBuildConfiguration;
			buildSettings = {
				ALWAYS_SEARCH_USER_PATHS = NO;
				CLANG_ANALYZER_NONNULL = YES;
				CLANG_ANALYZER_NUMBER_OBJECT_CONVERSION = YES_AGGRESSIVE;
				CLANG_CXX_LANGUAGE_STANDARD = "gnu++14";
				CLANG_CXX_LIBRARY = "libc++";
				CLANG_ENABLE_MODULES = YES;
				CLANG_ENABLE_OBJC_ARC = YES;
				CLANG_ENABLE_OBJC_WEAK = YES;
				CLANG_WARN_BLOCK_CAPTURE_AUTORELEASING = YES;
				CLANG_WARN_BOOL_CONVERSION = YES;
				CLANG_WARN_COMMA = YES;
				CLANG_WARN_CONSTANT_CONVERSION = YES;
				CLANG_WARN_DEPRECATED_OBJC_IMPLEMENTATIONS = YES;
				CLANG_WARN_DIRECT_OBJC_ISA_USAGE = YES_ERROR;
				CLANG_WARN_DOCUMENTATION_COMMENTS = YES;
				CLANG_WARN_EMPTY_BODY = YES;
				CLANG_WARN_ENUM_CONVERSION = YES;
				CLANG_WARN_INFINITE_RECURSION = YES;
				CLANG_WARN_INT_CONVERSION = YES;
				CLANG_WARN_NON_LITERAL_NULL_CONVERSION = YES;
				CLANG_WARN_OBJC_IMPLICIT_RETAIN_SELF = YES;
				CLANG_WARN_OBJC_LITERAL_CONVERSION = YES;
				CLANG_WARN_OBJC_ROOT_CLASS = YES_ERROR;
				CLANG_WARN_RANGE_LOOP_ANALYSIS = YES;
				CLANG_WARN_STRICT_PROTOTYPES = YES;
				CLANG_WARN_SUSPICIOUS_MOVE = YES;
				CLANG_WARN_UNGUARDED_AVAILABILITY = YES_AGGRESSIVE;
				CLANG_WARN_UNREACHABLE_CODE = YES;
				CLANG_WARN__DUPLICATE_METHOD_MATCH = YES;
				COPY_PHASE_STRIP = NO;
				DEBUG_INFORMATION_FORMAT = dwarf;
				ENABLE_STRICT_OBJC_MSGSEND = YES;
				ENABLE_TESTABILITY = YES;
				GCC_C_LANGUAGE_STANDARD = gnu11;
				GCC_DYNAMIC_NO_PIC = NO;
				GCC_NO_COMMON_BLOCKS = YES;
				GCC_OPTIMIZATION_LEVEL = 0;
				GCC_PREPROCESSOR_DEFINITIONS = (
					"DEBUG=1",
					"$(inherited)",
				);
				GCC_WARN_64_TO_32_BIT_CONVERSION = YES;
				GCC_WARN_ABOUT_RETURN_TYPE = YES_ERROR;
				GCC_WARN_UNDECLARED_SELECTOR = YES;
				GCC_WARN_UNINITIALIZED_AUTOS = YES_AGGRESSIVE;
				GCC_WARN_UNUSED_FUNCTION = YES;
				GCC_WARN_UNUSED_VARIABLE = YES;
				IPHONEOS_DEPLOYMENT_TARGET = 13.5;
				MTL_ENABLE_DEBUG_INFO = INCLUDE_SOURCE;
				MTL_FAST_MATH = YES;
				ONLY_ACTIVE_ARCH = YES;
				SDKROOT = iphoneos;
				SWIFT_ACTIVE_COMPILATION_CONDITIONS = DEBUG;
				SWIFT_OPTIMIZATION_LEVEL = "-Onone";
			};
			name = Debug;
		};
		1A96BE462480F8DE00668FA1 /* Release */ = {
			isa = XCBuildConfiguration;
			buildSettings = {
				ALWAYS_SEARCH_USER_PATHS = NO;
				CLANG_ANALYZER_NONNULL = YES;
				CLANG_ANALYZER_NUMBER_OBJECT_CONVERSION = YES_AGGRESSIVE;
				CLANG_CXX_LANGUAGE_STANDARD = "gnu++14";
				CLANG_CXX_LIBRARY = "libc++";
				CLANG_ENABLE_MODULES = YES;
				CLANG_ENABLE_OBJC_ARC = YES;
				CLANG_ENABLE_OBJC_WEAK = YES;
				CLANG_WARN_BLOCK_CAPTURE_AUTORELEASING = YES;
				CLANG_WARN_BOOL_CONVERSION = YES;
				CLANG_WARN_COMMA = YES;
				CLANG_WARN_CONSTANT_CONVERSION = YES;
				CLANG_WARN_DEPRECATED_OBJC_IMPLEMENTATIONS = YES;
				CLANG_WARN_DIRECT_OBJC_ISA_USAGE = YES_ERROR;
				CLANG_WARN_DOCUMENTATION_COMMENTS = YES;
				CLANG_WARN_EMPTY_BODY = YES;
				CLANG_WARN_ENUM_CONVERSION = YES;
				CLANG_WARN_INFINITE_RECURSION = YES;
				CLANG_WARN_INT_CONVERSION = YES;
				CLANG_WARN_NON_LITERAL_NULL_CONVERSION = YES;
				CLANG_WARN_OBJC_IMPLICIT_RETAIN_SELF = YES;
				CLANG_WARN_OBJC_LITERAL_CONVERSION = YES;
				CLANG_WARN_OBJC_ROOT_CLASS = YES_ERROR;
				CLANG_WARN_RANGE_LOOP_ANALYSIS = YES;
				CLANG_WARN_STRICT_PROTOTYPES = YES;
				CLANG_WARN_SUSPICIOUS_MOVE = YES;
				CLANG_WARN_UNGUARDED_AVAILABILITY = YES_AGGRESSIVE;
				CLANG_WARN_UNREACHABLE_CODE = YES;
				CLANG_WARN__DUPLICATE_METHOD_MATCH = YES;
				COPY_PHASE_STRIP = NO;
				DEBUG_INFORMATION_FORMAT = "dwarf-with-dsym";
				ENABLE_NS_ASSERTIONS = NO;
				ENABLE_STRICT_OBJC_MSGSEND = YES;
				GCC_C_LANGUAGE_STANDARD = gnu11;
				GCC_NO_COMMON_BLOCKS = YES;
				GCC_WARN_64_TO_32_BIT_CONVERSION = YES;
				GCC_WARN_ABOUT_RETURN_TYPE = YES_ERROR;
				GCC_WARN_UNDECLARED_SELECTOR = YES;
				GCC_WARN_UNINITIALIZED_AUTOS = YES_AGGRESSIVE;
				GCC_WARN_UNUSED_FUNCTION = YES;
				GCC_WARN_UNUSED_VARIABLE = YES;
				IPHONEOS_DEPLOYMENT_TARGET = 13.5;
				MTL_ENABLE_DEBUG_INFO = NO;
				MTL_FAST_MATH = YES;
				SDKROOT = iphoneos;
				SWIFT_COMPILATION_MODE = wholemodule;
				SWIFT_OPTIMIZATION_LEVEL = "-O";
				VALIDATE_PRODUCT = YES;
			};
			name = Release;
		};
		1A96BE482480F8DE00668FA1 /* Debug */ = {
			isa = XCBuildConfiguration;
			baseConfigurationReference = 1130A63CFC9F4FE5574DAD0D /* Pods-WeightTracker.debug.xcconfig */;
			buildSettings = {
				ASSETCATALOG_COMPILER_APPICON_NAME = AppIcon;
				CODE_SIGN_STYLE = Automatic;
				DEVELOPMENT_TEAM = 66G95X29R7;
				INFOPLIST_FILE = System/Info.plist;
				LD_RUNPATH_SEARCH_PATHS = (
					"$(inherited)",
					"@executable_path/Frameworks",
				);
				PRODUCT_BUNDLE_IDENTIFIER = com.yreshef.WeightTracker;
				PRODUCT_NAME = "$(TARGET_NAME)";
				SWIFT_VERSION = 5.0;
				TARGETED_DEVICE_FAMILY = "1,2";
			};
			name = Debug;
		};
		1A96BE492480F8DE00668FA1 /* Release */ = {
			isa = XCBuildConfiguration;
			baseConfigurationReference = CF9B934E653173027A4799E0 /* Pods-WeightTracker.release.xcconfig */;
			buildSettings = {
				ASSETCATALOG_COMPILER_APPICON_NAME = AppIcon;
				CODE_SIGN_STYLE = Automatic;
				DEVELOPMENT_TEAM = 66G95X29R7;
				INFOPLIST_FILE = System/Info.plist;
				LD_RUNPATH_SEARCH_PATHS = (
					"$(inherited)",
					"@executable_path/Frameworks",
				);
				PRODUCT_BUNDLE_IDENTIFIER = com.yreshef.WeightTracker;
				PRODUCT_NAME = "$(TARGET_NAME)";
				SWIFT_VERSION = 5.0;
				TARGETED_DEVICE_FAMILY = "1,2";
			};
			name = Release;
		};
/* End XCBuildConfiguration section */

/* Begin XCConfigurationList section */
		1A96BE2E2480F8D900668FA1 /* Build configuration list for PBXProject "WeightTracker" */ = {
			isa = XCConfigurationList;
			buildConfigurations = (
				1A96BE452480F8DE00668FA1 /* Debug */,
				1A96BE462480F8DE00668FA1 /* Release */,
			);
			defaultConfigurationIsVisible = 0;
			defaultConfigurationName = Release;
		};
		1A96BE472480F8DE00668FA1 /* Build configuration list for PBXNativeTarget "WeightTracker" */ = {
			isa = XCConfigurationList;
			buildConfigurations = (
				1A96BE482480F8DE00668FA1 /* Debug */,
				1A96BE492480F8DE00668FA1 /* Release */,
			);
			defaultConfigurationIsVisible = 0;
			defaultConfigurationName = Release;
		};
/* End XCConfigurationList section */

/* Begin XCVersionGroup section */
		1A66F75424812A500000CD30 /* WeightTracker.xcdatamodeld */ = {
			isa = XCVersionGroup;
			children = (
				1A66F75524812A500000CD30 /* WeightTracker.xcdatamodel */,
			);
			currentVersion = 1A66F75524812A500000CD30 /* WeightTracker.xcdatamodel */;
			path = WeightTracker.xcdatamodeld;
			sourceTree = "<group>";
			versionGroupType = wrapper.xcdatamodel;
		};
/* End XCVersionGroup section */
	};
	rootObject = 1A96BE2B2480F8D900668FA1 /* Project object */;
}
